Microsoft Visual Studio Solution File, Format Version 12.00
# Visual Studio Version 17
VisualStudioVersion = 17.5.2.0
MinimumVisualStudioVersion = 10.0.40219.1
Project("{FAE04EC0-301F-11D3-BF4B-00C04F79EFBC}") = "minitwit", "minitwit.csproj", "{6EA4842E-D174-DF8E-A35E-4811274FE7CE}"
EndProject
Global
	GlobalSection(SolutionConfigurationPlatforms) = preSolution
		Debug|Any CPU = Debug|Any CPU
		Release|Any CPU = Release|Any CPU
	EndGlobalSection
	GlobalSection(ProjectConfigurationPlatforms) = postSolution
		{6EA4842E-D174-DF8E-A35E-4811274FE7CE}.Debug|Any CPU.ActiveCfg = Debug|Any CPU
		{6EA4842E-D174-DF8E-A35E-4811274FE7CE}.Debug|Any CPU.Build.0 = Debug|Any CPU
		{6EA4842E-D174-DF8E-A35E-4811274FE7CE}.Release|Any CPU.ActiveCfg = Release|Any CPU
		{6EA4842E-D174-DF8E-A35E-4811274FE7CE}.Release|Any CPU.Build.0 = Release|Any CPU
	EndGlobalSection
	GlobalSection(SolutionProperties) = preSolution
		HideSolutionNode = FALSE
	EndGlobalSection
	GlobalSection(ExtensibilityGlobals) = postSolution
		SolutionGuid = {BFC7A807-7AEB-49D7-BB59-03F3EE776E08}
	EndGlobalSection
EndGlobal
